
Microsoft Visual Studio Solution File, Format Version 12.00
# Visual Studio Version 17
VisualStudioVersion = 17.3.32901.215
MinimumVisualStudioVersion = 10.0.40219.1
Project("{FAE04EC0-301F-11D3-BF4B-00C04F79EFBC}") = "ClientSideWebApi", "ClientSideWebApi\ClientSideWebApi.csproj", "{6B0B40E1-D217-439F-AB3B-4753C338D70B}"
EndProject
Global
	GlobalSection(SolutionConfigurationPlatforms) = preSolution
		Debug|Any CPU = Debug|Any CPU
		Release|Any CPU = Release|Any CPU
	EndGlobalSection
	GlobalSection(ProjectConfigurationPlatforms) = postSolution
		{6B0B40E1-D217-439F-AB3B-4753C338D70B}.Debug|Any CPU.ActiveCfg = Debug|Any CPU
		{6B0B40E1-D217-439F-AB3B-4753C338D70B}.Debug|Any CPU.Build.0 = Debug|Any CPU
		{6B0B40E1-D217-439F-AB3B-4753C338D70B}.Release|Any CPU.ActiveCfg = Release|Any CPU
		{6B0B40E1-D217-439F-AB3B-4753C338D70B}.Release|Any CPU.Build.0 = Release|Any CPU
	EndGlobalSection
	GlobalSection(SolutionProperties) = preSolution
		HideSolutionNode = FALSE
	EndGlobalSection
	GlobalSection(ExtensibilityGlobals) = postSolution
		SolutionGuid = {55E36B74-3DBD-42CC-B185-D3FB58F70115}
	EndGlobalSection
EndGlobal
